github.com/bluekeyes/go-gitdiff v0.8.1 h1:lL1GofKMywO17c0lgQmJYcKek5+s8X6tXVNOLxy4smI=
github.com/bluekeyes/go-gitdiff v0.8.1/go.mod h1:WWAk1Mc6EgWarCrPFO+xeYlujPu98VuLW3Tu+B/85AE=
github.com/google/go-cmp v0.6.0/go.mod h1:17dUlkBOakJ0+DkrSSNjCkIjxS6bF9zb3elmeNGIjoY=
github.com/google/go-cmp v0.7.0 h1:wk8382ETsv4JYUZwIsn6YpYiWiBsYLSJiTsyBybVuN8=
github.com/google/go-cmp v0.7.0/go.mod h1:pXiqmnSA92OHEEa9HXL2W4E7lf9JzCmGVUdgjX3N/iU=
github.com/google/go-github/v82 v82.0.0 h1:OH09ESON2QwKCUVMYmMcVu1IFKFoaZHwqYaUtr/MVfk=
github.com/google/go-github/v82 v82.0.0/go.mod h1:hQ6Xo0VKfL8RZ7z1hSfB4fvISg0QqHOqe9BP0qo+WvM=
github.com/google/go-querystring v1.2.0 h1:yhqkPbu2/OH+V9BfpCVPZkNmUXhb2gBxJArfhIxNtP0=
github.com/google/go-querystring v1.2.0/go.mod h1:8IFJqpSRITyJ8QhQ13bmbeMBDfmeEJZD5A0egEOmkqU=
github.com/shurcooL/githubv4 v0.0.0-20210922025249-6831e00d857f h1:q4b8/GCL8Ksl+okhFKSd8DVBQNc0XExjxTO68nK0c3Y=
github.com/shurcooL/githubv4 v0.0.0-20210922025249-6831e00d857f/go.mod h1:hAF0iLZy4td2EX+/8Tw+4nodhlMrwN3HupfaXj3zkGo=
github.com/shurcooL/graphql v0.0.0-20200928012149-18c5c3165e3a h1:KikTa6HtAK8cS1qjvUvvq4QO21QnwC+EfvB+OAuZ/ZU=
github.com/shurcooL/graphql v0.0.0-20200928012149-18c5c3165e3a/go.mod h1:AuYgA5Kyo4c7HfUmvRGs/6rGlMMV/6B1bVnB9JxJEEg=
golang.org/x/net v0.38.0 h1:vRMAPTMaeGqVhG5QyLJHqNDwecKTomGeqbnfZyKlBI8=
golang.org/x/net v0.38.0/go.mod h1:ivrbrMbzFq5J41QOQh0siUuly180yBYtLp+CKbEaFx8=
golang.org/x/oauth2 v0.27.0 h1:da9Vo7/tDv5RH/7nZDz1eMGS/q1Vv1N/7FCrBhI9I3M=
golang.org/x/oauth2 v0.27.0/go.mod h1:onh5ek6nERTohokkhCD/y2cV4Do3fxFHFuAejCkRWT8=
